{
  "name": "bootstrap-site",
  "version": "7.3.0",
  "lockfileVersion": 3,
  "requires": true,
  "packages": {
    "": {
      "name": "bootstrap-site",
      "version": "7.3.0",
      "license": "SEE LICENSE IN <License.txt>",
      "dependencies": {
        "@headlessui/react": "^2.1.0",
        "animate.css": "^4.1.1",
        "bootstrap": "^5.3.3",
        "bootstrap-icons": "^1.11.3",
        "fastbootstrap": "^2.2.0"
      }
    },
    "node_modules/@floating-ui/core": {
      "version": "1.6.3",
      "resolved": "https://registry.npmjs.org/@floating-ui/core/-/core-1.6.3.tgz",
      "integrity": "sha512-1ZpCvYf788/ZXOhRQGFxnYQOVgeU+pi0i+d0Ow34La7qjIXETi6RNswGVKkA6KcDO8/+Ysu2E/CeUmmeEBDvTg==",
      "license": "MIT",
      "dependencies": {
        "@floating-ui/utils": "^0.2.3"
      }
    },
    "node_modules/@floating-ui/dom": {
      "version": "1.6.6",
      "resolved": "https://registry.npmjs.org/@floating-ui/dom/-/dom-1.6.6.tgz",
      "integrity": "sha512-qiTYajAnh3P+38kECeffMSQgbvXty2VB6rS+42iWR4FPIlZjLK84E9qtLnMTLIpPz2znD/TaFqaiavMUrS+Hcw==",
      "license": "MIT",
      "dependencies": {
        "@floating-ui/core": "^1.0.0",
        "@floating-ui/utils": "^0.2.3"
      }
    },
    "node_modules/@floating-ui/react": {
      "version": "0.26.18",
      "resolved": "https://registry.npmjs.org/@floating-ui/react/-/react-0.26.18.tgz",
      "integrity": "sha512-enDDX09Jpi3kmhcXXpvs+fvRXOfBj1jUV2KF6uDMf5HjS+SOZJzNTFUW71lKbFcxz0BkmQqwbvqdmHIxMq/fyQ==",
      "license": "MIT",
      "dependencies": {
        "@floating-ui/react-dom": "^2.1.0",
        "@floating-ui/utils": "^0.2.3",
        "tabbable": "^6.0.0"
      },
      "peerDependencies": {
        "react": ">=16.8.0",
        "react-dom": ">=16.8.0"
      }
    },
    "node_modules/@floating-ui/react-dom": {
      "version": "2.1.1",
      "resolved": "https://registry.npmjs.org/@floating-ui/react-dom/-/react-dom-2.1.1.tgz",
      "integrity": "sha512-4h84MJt3CHrtG18mGsXuLCHMrug49d7DFkU0RMIyshRveBeyV2hmV/pDaF2Uxtu8kgq5r46llp5E5FQiR0K2Yg==",
      "license": "MIT",
      "dependencies": {
        "@floating-ui/dom": "^1.0.0"
      },
      "peerDependencies": {
        "react": ">=16.8.0",
        "react-dom": ">=16.8.0"
      }
    },
    "node_modules/@floating-ui/utils": {
      "version": "0.2.3",
      "resolved": "https://registry.npmjs.org/@floating-ui/utils/-/utils-0.2.3.tgz",
      "integrity": "sha512-XGndio0l5/Gvd6CLIABvsav9HHezgDFFhDfHk1bvLfr9ni8dojqLSvBbotJEjmIwNHL7vK4QzBJTdBRoB+c1ww==",
      "license": "MIT"
    },
    "node_modules/@headlessui/react": {
      "version": "2.1.0",
      "resolved": "https://registry.npmjs.org/@headlessui/react/-/react-2.1.0.tgz",
      "integrity": "sha512-/MizQk2xqR5ELkmCI1xWy3VgJULvR8gcAXtZhcK7sY53TNRCPeMdeODEXKSv9LPSSRlEAyzW1+NGJiaXq6dLRw==",
      "license": "MIT",
      "dependencies": {
        "@floating-ui/react": "^0.26.16",
        "@react-aria/focus": "^3.17.1",
        "@react-aria/interactions": "^3.21.3",
        "@tanstack/react-virtual": "3.5.0"
      },
      "engines": {
        "node": ">=10"
      },
      "peerDependencies": {
        "react": "^18",
        "react-dom": "^18"
      }
    },
    "node_modules/@popperjs/core": {
      "version": "2.11.8",
      "resolved": "https://registry.npmjs.org/@popperjs/core/-/core-2.11.8.tgz",
      "integrity": "sha512-P1st0aksCrn9sGZhp8GMYwBnQsbvAWsZAX44oXNNvLHGqAOcoVxmjZiohstwQ7SqKnbR47akdNi+uleWD8+g6A==",
      "license": "MIT",
      "peer": true,
      "funding": {
        "type": "opencollective",
        "url": "https://opencollective.com/popperjs"
      }
    },
    "node_modules/@react-aria/focus": {
      "version": "3.17.1",
      "resolved": "https://registry.npmjs.org/@react-aria/focus/-/focus-3.17.1.tgz",
      "integrity": "sha512-FLTySoSNqX++u0nWZJPPN5etXY0WBxaIe/YuL/GTEeuqUIuC/2bJSaw5hlsM6T2yjy6Y/VAxBcKSdAFUlU6njQ==",
      "license": "Apache-2.0",
      "dependencies": {
        "@react-aria/interactions": "^3.21.3",
        "@react-aria/utils": "^3.24.1",
        "@react-types/shared": "^3.23.1",
        "@swc/helpers": "^0.5.0",
        "clsx": "^2.0.0"
      },
      "peerDependencies": {
        "react": "^16.8.0 || ^17.0.0-rc.1 || ^18.0.0"
      }
    },
    "node_modules/@react-aria/interactions": {
      "version": "3.21.3",
      "resolved": "https://registry.npmjs.org/@react-aria/interactions/-/interactions-3.21.3.tgz",
      "integrity": "sha512-BWIuf4qCs5FreDJ9AguawLVS0lV9UU+sK4CCnbCNNmYqOWY+1+gRXCsnOM32K+oMESBxilAjdHW5n1hsMqYMpA==",
      "license": "Apache-2.0",
      "dependencies": {
        "@react-aria/ssr": "^3.9.4",
        "@react-aria/utils": "^3.24.1",
        "@react-types/shared": "^3.23.1",
        "@swc/helpers": "^0.5.0"
      },
      "peerDependencies": {
        "react": "^16.8.0 || ^17.0.0-rc.1 || ^18.0.0"
      }
    },
    "node_modules/@react-aria/ssr": {
      "version": "3.9.4",
      "resolved": "https://registry.npmjs.org/@react-aria/ssr/-/ssr-3.9.4.tgz",
      "integrity": "sha512-4jmAigVq409qcJvQyuorsmBR4+9r3+JEC60wC+Y0MZV0HCtTmm8D9guYXlJMdx0SSkgj0hHAyFm/HvPNFofCoQ==",
      "license": "Apache-2.0",
      "dependencies": {
        "@swc/helpers": "^0.5.0"
      },
      "engines": {
        "node": ">= 12"
      },
      "peerDependencies": {
        "react": "^16.8.0 || ^17.0.0-rc.1 || ^18.0.0"
      }
    },
    "node_modules/@react-aria/utils": {
      "version": "3.24.1",
      "resolved": "https://registry.npmjs.org/@react-aria/utils/-/utils-3.24.1.tgz",
      "integrity": "sha512-O3s9qhPMd6n42x9sKeJ3lhu5V1Tlnzhu6Yk8QOvDuXf7UGuUjXf9mzfHJt1dYzID4l9Fwm8toczBzPM9t0jc8Q==",
      "license": "Apache-2.0",
      "dependencies": {
        "@react-aria/ssr": "^3.9.4",
        "@react-stately/utils": "^3.10.1",
        "@react-types/shared": "^3.23.1",
        "@swc/helpers": "^0.5.0",
        "clsx": "^2.0.0"
      },
      "peerDependencies": {
        "react": "^16.8.0 || ^17.0.0-rc.1 || ^18.0.0"
      }
    },
    "node_modules/@react-stately/utils": {
      "version": "3.10.1",
      "resolved": "https://registry.npmjs.org/@react-stately/utils/-/utils-3.10.1.tgz",
      "integrity": "sha512-VS/EHRyicef25zDZcM/ClpzYMC5i2YGN6uegOeQawmgfGjb02yaCX0F0zR69Pod9m2Hr3wunTbtpgVXvYbZItg==",
      "license": "Apache-2.0",
      "dependencies": {
        "@swc/helpers": "^0.5.0"
      },
      "peerDependencies": {
        "react": "^16.8.0 || ^17.0.0-rc.1 || ^18.0.0"
      }
    },
    "node_modules/@react-types/shared": {
      "version": "3.23.1",
      "resolved": "https://registry.npmjs.org/@react-types/shared/-/shared-3.23.1.tgz",
      "integrity": "sha512-5d+3HbFDxGZjhbMBeFHRQhexMFt4pUce3okyRtUVKbbedQFUrtXSBg9VszgF2RTeQDKDkMCIQDtz5ccP/Lk1gw==",
      "license": "Apache-2.0",
      "peerDependencies": {
        "react": "^16.8.0 || ^17.0.0-rc.1 || ^18.0.0"
      }
    },
    "node_modules/@swc/helpers": {
      "version": "0.5.11",
      "resolved": "https://registry.npmjs.org/@swc/helpers/-/helpers-0.5.11.tgz",
      "integrity": "sha512-YNlnKRWF2sVojTpIyzwou9XoTNbzbzONwRhOoniEioF1AtaitTvVZblaQRrAzChWQ1bLYyYSWzM18y4WwgzJ+A==",
      "license": "Apache-2.0",
      "dependencies": {
        "tslib": "^2.4.0"
      }
    },
    "node_modules/@tanstack/react-virtual": {
      "version": "3.5.0",
      "resolved": "https://registry.npmjs.org/@tanstack/react-virtual/-/react-virtual-3.5.0.tgz",
      "integrity": "sha512-rtvo7KwuIvqK9zb0VZ5IL7fiJAEnG+0EiFZz8FUOs+2mhGqdGmjKIaT1XU7Zq0eFqL0jonLlhbayJI/J2SA/Bw==",
      "license": "MIT",
      "dependencies": {
        "@tanstack/virtual-core": "3.5.0"
      },
      "funding": {
        "type": "github",
        "url": "https://github.com/sponsors/tannerlinsley"
      },
      "peerDependencies": {
        "react": "^16.8.0 || ^17.0.0 || ^18.0.0",
        "react-dom": "^16.8.0 || ^17.0.0 || ^18.0.0"
      }
    },
    "node_modules/@tanstack/virtual-core": {
      "version": "3.5.0",
      "resolved": "https://registry.npmjs.org/@tanstack/virtual-core/-/virtual-core-3.5.0.tgz",
      "integrity": "sha512-KnPRCkQTyqhanNC0K63GBG3wA8I+D1fQuVnAvcBF8f13akOKeQp1gSbu6f77zCxhEk727iV5oQnbHLYzHrECLg==",
      "license": "MIT",
      "funding": {
        "type": "github",
        "url": "https://github.com/sponsors/tannerlinsley"
      }
    },
    "node_modules/@thednp/event-listener": {
      "version": "2.0.4",
      "resolved": "https://registry.npmjs.org/@thednp/event-listener/-/event-listener-2.0.4.tgz",
      "integrity": "sha512-sc4B7AzYAIvnGnivirq0XyR7LfzEDhGiiB70Q0qdNn8wSJ2pL1buVAsEZxrlc47qRJiBV4YIP+BFkyMm2r3NLg==",
      "license": "MIT",
      "engines": {
        "node": ">=16",
        "pnpm": ">=8.6.0"
      }
    },
    "node_modules/@thednp/shorty": {
      "version": "2.0.0",
      "resolved": "https://registry.npmjs.org/@thednp/shorty/-/shorty-2.0.0.tgz",
      "integrity": "sha512-kwtLivCxYIoFfGIVU4NlZtfdA/zxZ6X8UcWaJrb7XqU3WQ4Q1p5IaZlLBfOVAO06WH5oWE87QUdK/dS56Wnfjg==",
      "license": "MIT",
      "engines": {
        "node": ">=16",
        "pnpm": ">=8.6.0"
      }
    },
    "node_modules/animate.css": {
      "version": "4.1.1",
      "resolved": "https://registry.npmjs.org/animate.css/-/animate.css-4.1.1.tgz",
      "integrity": "sha512-+mRmCTv6SbCmtYJCN4faJMNFVNN5EuCTTprDTAo7YzIGji2KADmakjVA3+8mVDkZ2Bf09vayB35lSQIex2+QaQ==",
      "license": "MIT"
    },
    "node_modules/bootstrap": {
      "version": "5.3.3",
      "resolved": "https://registry.npmjs.org/bootstrap/-/bootstrap-5.3.3.tgz",
      "integrity": "sha512-8HLCdWgyoMguSO9o+aH+iuZ+aht+mzW0u3HIMzVu7Srrpv7EBBxTnrFlSCskwdY1+EOFQSm7uMJhNQHkdPcmjg==",
      "funding": [
        {
          "type": "github",
          "url": "https://github.com/sponsors/twbs"
        },
        {
          "type": "opencollective",
          "url": "https://opencollective.com/bootstrap"
        }
      ],
      "license": "MIT",
      "peerDependencies": {
        "@popperjs/core": "^2.11.8"
      }
    },
    "node_modules/bootstrap-icons": {
      "version": "1.11.3",
      "resolved": "https://registry.npmjs.org/bootstrap-icons/-/bootstrap-icons-1.11.3.tgz",
      "integrity": "sha512-+3lpHrCw/it2/7lBL15VR0HEumaBss0+f/Lb6ZvHISn1mlK83jjFpooTLsMWbIjJMDjDjOExMsTxnXSIT4k4ww==",
      "funding": [
        {
          "type": "github",
          "url": "https://github.com/sponsors/twbs"
        },
        {
          "type": "opencollective",
          "url": "https://opencollective.com/bootstrap"
        }
      ],
      "license": "MIT"
    },
    "node_modules/bootstrap.native": {
      "version": "5.0.12",
      "resolved": "https://registry.npmjs.org/bootstrap.native/-/bootstrap.native-5.0.12.tgz",
      "integrity": "sha512-qTiFBK7//IgdF9u67w3W91U8C2Fc3TGQh61xa0pbtHmD1YRncncFNNs+6ewG2tW7fBGGMXg57gj5d9Qamr0S+w==",
      "license": "MIT",
      "dependencies": {
        "@thednp/event-listener": "^2.0.4",
        "@thednp/shorty": "^2.0.0"
      },
      "engines": {
        "node": ">=16",
        "pnpm": ">=8.6.0"
      }
    },
    "node_modules/clsx": {
      "version": "2.1.1",
      "resolved": "https://registry.npmjs.org/clsx/-/clsx-2.1.1.tgz",
      "integrity": "sha512-eYm0QWBtUrBWZWG0d386OGAw16Z995PiOVo2B7bjWSbHedGl5e0ZWaq65kOGgUSNesEIDkB9ISbTg/JK9dhCZA==",
      "license": "MIT",
      "engines": {
        "node": ">=6"
      }
    },
    "node_modules/fastbootstrap": {
      "version": "2.2.0",
      "resolved": "https://registry.npmjs.org/fastbootstrap/-/fastbootstrap-2.2.0.tgz",
      "integrity": "sha512-31bJ6OaNntrUSZB4BVlO8mBJB45d7A0AxHchvdJQjp9CCK6qGx3c+byjcDqXgExXkG2miL+NW97Q6K7SWwwGWg==",
      "license": "MIT",
      "dependencies": {
        "bootstrap": "^5.3.2",
        "bootstrap.native": "^5.0.11"
      }
    },
    "node_modules/js-tokens": {
      "version": "4.0.0",
      "resolved": "https://registry.npmjs.org/js-tokens/-/js-tokens-4.0.0.tgz",
      "integrity": "sha512-RdJUflcE3cUzKiMqQgsCu06FPu9UdIJO0beYbPhHN4k6apgJtifcoCtT9bcxOpYBtpD2kCM6Sbzg4CausW/PKQ==",
      "license": "MIT",
      "peer": true
    },
    "node_modules/loose-envify": {
      "version": "1.4.0",
      "resolved": "https://registry.npmjs.org/loose-envify/-/loose-envify-1.4.0.tgz",
      "integrity": "sha512-lyuxPGr/Wfhrlem2CL/UcnUc1zcqKAImBDzukY7Y5F/yQiNdko6+fRLevlw1HgMySw7f611UIY408EtxRSoK3Q==",
      "license": "MIT",
      "peer": true,
      "dependencies": {
        "js-tokens": "^3.0.0 || ^4.0.0"
      },
      "bin": {
        "loose-envify": "cli.js"
      }
    },
    "node_modules/react": {
      "version": "18.3.1",
      "resolved": "https://registry.npmjs.org/react/-/react-18.3.1.tgz",
      "integrity": "sha512-wS+hAgJShR0KhEvPJArfuPVN1+Hz1t0Y6n5jLrGQbkb4urgPE/0Rve+1kMB1v/oWgHgm4WIcV+i7F2pTVj+2iQ==",
      "license": "MIT",
      "peer": true,
      "dependencies": {
        "loose-envify": "^1.1.0"
      },
      "engines": {
        "node": ">=0.10.0"
      }
    },
    "node_modules/react-dom": {
      "version": "18.3.1",
      "resolved": "https://registry.npmjs.org/react-dom/-/react-dom-18.3.1.tgz",
      "integrity": "sha512-5m4nQKp+rZRb09LNH59GM4BxTh9251/ylbKIbpe7TpGxfJ+9kv6BLkLBXIjjspbgbnIBNqlI23tRnTWT0snUIw==",
      "license": "MIT",
      "peer": true,
      "dependencies": {
        "loose-envify": "^1.1.0",
        "scheduler": "^0.23.2"
      },
      "peerDependencies": {
        "react": "^18.3.1"
      }
    },
    "node_modules/scheduler": {
      "version": "0.23.2",
      "resolved": "https://registry.npmjs.org/scheduler/-/scheduler-0.23.2.tgz",
      "integrity": "sha512-UOShsPwz7NrMUqhR6t0hWjFduvOzbtv7toDH1/hIrfRNIDBnnBWd0CwJTGvTpngVlmwGCdP9/Zl/tVrDqcuYzQ==",
      "license": "MIT",
      "peer": true,
      "dependencies": {
        "loose-envify": "^1.1.0"
      }
    },
    "node_modules/tabbable": {
      "version": "6.2.0",
      "resolved": "https://registry.npmjs.org/tabbable/-/tabbable-6.2.0.tgz",
      "integrity": "sha512-Cat63mxsVJlzYvN51JmVXIgNoUokrIaT2zLclCXjRd8boZ0004U4KCs/sToJ75C6sdlByWxpYnb5Boif1VSFew==",
      "license": "MIT"
    },
    "node_modules/tslib": {
      "version": "2.6.3",
      "resolved": "https://registry.npmjs.org/tslib/-/tslib-2.6.3.tgz",
      "integrity": "sha512-xNvxJEOUiWPGhUuUdQgAJPKOOJfGnIyKySOc09XkKsgdUV/3E2zvwZYdejjmRgPCgcym1juLH3226yA7sEFJKQ==",
      "license": "0BSD"
    }
  }
}
